
Microsoft Visual Studio Solution File, Format Version 12.00
# Visual Studio Version 17
VisualStudioVersion = 17.1.32407.343
MinimumVisualStudioVersion = 10.0.40219.1
Project("{JINKIM}") = "OBCS", "OBCS\OBCS.csproj", "{JINKIM}"
EndProject
Global
	GlobalSection(SolutionConfigurationPlatforms) = preSolution
		Debug|Any CPU = Debug|Any CPU
		Release|Any CPU = Release|Any CPU
	EndGlobalSection
	GlobalSection(ProjectConfigurationPlatforms) = postSolution
		{JINKIM}.Debug|Any CPU.ActiveCfg = Release|Any CPU
		{JINKIM}.Debug|Any CPU.Build.0 = Release|Any CPU
		{JINKIM}.Release|Any CPU.ActiveCfg = Release|Any CPU
		{JINKIM}.Release|Any CPU.Build.0 = Release|Any CPU
	EndGlobalSection
	GlobalSection(SolutionProperties) = preSolution
		HideSolutionNode = FALSE
	EndGlobalSection
	GlobalSection(ExtensibilityGlobals) = postSolution
		SolutionGuid = {JINKIM}
	EndGlobalSection
EndGlobal
